
Microsoft Visual Studio Solution File, Format Version 12.00
# Visual Studio 15
VisualStudioVersion = 15.0.27428.2015
MinimumVisualStudioVersion = 10.0.40219.1
Project("{9A19103F-16F7-4668-BE54-9A1E7A4F7556}") = "GEMBibleBooks", "GEMBibleBooks\GEMBibleBooks\GEMBibleBooks.csproj", "{F3424DE9-2D75-4041-ACCF-CFC1D79490F9}"
EndProject
Project("{FAE04EC0-301F-11D3-BF4B-00C04F79EFBC}") = "GEMBibleBooks.Android", "GEMBibleBooks\GEMBibleBooks.Android\GEMBibleBooks.Android.csproj", "{A9E1FE19-5414-42F4-813D-76213DA42693}"
EndProject
Project("{FAE04EC0-301F-11D3-BF4B-00C04F79EFBC}") = "GEMBibleBooks.iOS", "GEMBibleBooks\GEMBibleBooks.iOS\GEMBibleBooks.iOS.csproj", "{88FDA450-4897-4C48-9765-464A0022DD90}"
EndProject
Project("{FAE04EC0-301F-11D3-BF4B-00C04F79EFBC}") = "GEMBibleBooks.UWP", "GEMBibleBooks\GEMBibleBooks.UWP\GEMBibleBooks.UWP.csproj", "{CE8DF0A3-85BB-4F46-82AE-16F115A54F78}"
EndProject
Project("{FAE04EC0-301F-11D3-BF4B-00C04F79EFBC}") = "GEMBibleBooks.Core", "GEMBibleBooks\GEMBibleBooks.Core\GEMBibleBooks.Core.csproj", "{FAE0E882-1629-4B24-90AC-EEEDE6888736}"
EndProject
Global
	GlobalSection(SolutionConfigurationPlatforms) = preSolution
		Ad-Hoc|Any CPU = Ad-Hoc|Any CPU
		Ad-Hoc|ARM = Ad-Hoc|ARM
		Ad-Hoc|iPhone = Ad-Hoc|iPhone
		Ad-Hoc|iPhoneSimulator = Ad-Hoc|iPhoneSimulator
		Ad-Hoc|x64 = Ad-Hoc|x64
		Ad-Hoc|x86 = Ad-Hoc|x86
		AppStore|Any CPU = AppStore|Any CPU
		AppStore|ARM = AppStore|ARM
		AppStore|iPhone = AppStore|iPhone
		AppStore|iPhoneSimulator = AppStore|iPhoneSimulator
		AppStore|x64 = AppStore|x64
		AppStore|x86 = AppStore|x86
		Debug|Any CPU = Debug|Any CPU
		Debug|ARM = Debug|ARM
		Debug|iPhone = Debug|iPhone
		Debug|iPhoneSimulator = Debug|iPhoneSimulator
		Debug|x64 = Debug|x64
		Debug|x86 = Debug|x86
		Release|Any CPU = Release|Any CPU
		Release|ARM = Release|ARM
		Release|iPhone = Release|iPhone
		Release|iPhoneSimulator = Release|iPhoneSimulator
		Release|x64 = Release|x64
		Release|x86 = Release|x86
	EndGlobalSection
	GlobalSection(ProjectConfigurationPlatforms) = postSolution
		{F3424DE9-2D75-4041-ACCF-CFC1D79490F9}.Ad-Hoc|Any CPU.ActiveCfg = Debug|Any CPU
		{F3424DE9-2D75-4041-ACCF-CFC1D79490F9}.Ad-Hoc|Any CPU.Build.0 = Debug|Any CPU
		{F3424DE9-2D75-4041-ACCF-CFC1D79490F9}.Ad-Hoc|ARM.ActiveCfg = Debug|Any CPU
		{F3424DE9-2D75-4041-ACCF-CFC1D79490F9}.Ad-Hoc|ARM.Build.0 = Debug|Any CPU
		{F3424DE9-2D75-4041-ACCF-CFC1D79490F9}.Ad-Hoc|iPhone.ActiveCfg = Debug|Any CPU
		{F3424DE9-2D75-4041-ACCF-CFC1D79490F9}.Ad-Hoc|iPhone.Build.0 = Debug|Any CPU
		{F3424DE9-2D75-4041-ACCF-CFC1D79490F9}.Ad-Hoc|iPhoneSimulator.ActiveCfg = Debug|Any CPU
		{F3424DE9-2D75-4041-ACCF-CFC1D79490F9}.Ad-Hoc|iPhoneSimulator.Build.0 = Debug|Any CPU
		{F3424DE9-2D75-4041-ACCF-CFC1D79490F9}.Ad-Hoc|x64.ActiveCfg = Debug|Any CPU
		{F3424DE9-2D75-4041-ACCF-CFC1D79490F9}.Ad-Hoc|x64.Build.0 = Debug|Any CPU
		{F3424DE9-2D75-4041-ACCF-CFC1D79490F9}.Ad-Hoc|x86.ActiveCfg = Debug|Any CPU
		{F3424DE9-2D75-4041-ACCF-CFC1D79490F9}.Ad-Hoc|x86.Build.0 = Debug|Any CPU
		{F3424DE9-2D75-4041-ACCF-CFC1D79490F9}.AppStore|Any CPU.ActiveCfg = Debug|Any CPU
		{F3424DE9-2D75-4041-ACCF-CFC1D79490F9}.AppStore|Any CPU.Build.0 = Debug|Any CPU
		{F3424DE9-2D75-4041-ACCF-CFC1D79490F9}.AppStore|ARM.ActiveCfg = Debug|Any CPU
		{F3424DE9-2D75-4041-ACCF-CFC1D79490F9}.AppStore|ARM.Build.0 = Debug|Any CPU
		{F3424DE9-2D75-4041-ACCF-CFC1D79490F9}.AppStore|iPhone.ActiveCfg = Debug|Any CPU
		{F3424DE9-2D75-4041-ACCF-CFC1D79490F9}.AppStore|iPhone.Build.0 = Debug|Any CPU
		{F3424DE9-2D75-4041-ACCF-CFC1D79490F9}.AppStore|iPhoneSimulator.ActiveCfg = Debug|Any CPU
		{F3424DE9-2D75-4041-ACCF-CFC1D79490F9}.AppStore|iPhoneSimulator.Build.0 = Debug|Any CPU
		{F3424DE9-2D75-4041-ACCF-CFC1D79490F9}.AppStore|x64.ActiveCfg = Debug|Any CPU
		{F3424DE9-2D75-4041-ACCF-CFC1D79490F9}.AppStore|x64.Build.0 = Debug|Any CPU
		{F3424DE9-2D75-4041-ACCF-CFC1D79490F9}.AppStore|x86.ActiveCfg = Debug|Any CPU
		{F3424DE9-2D75-4041-ACCF-CFC1D79490F9}.AppStore|x86.Build.0 = Debug|Any CPU
		{F3424DE9-2D75-4041-ACCF-CFC1D79490F9}.Debug|Any CPU.ActiveCfg = Debug|Any CPU
		{F3424DE9-2D75-4041-ACCF-CFC1D79490F9}.Debug|Any CPU.Build.0 = Debug|Any CPU
		{F3424DE9-2D75-4041-ACCF-CFC1D79490F9}.Debug|ARM.ActiveCfg = Debug|Any CPU
		{F3424DE9-2D75-4041-ACCF-CFC1D79490F9}.Debug|ARM.Build.0 = Debug|Any CPU
		{F3424DE9-2D75-4041-ACCF-CFC1D79490F9}.Debug|iPhone.ActiveCfg = Debug|Any CPU
		{F3424DE9-2D75-4041-ACCF-CFC1D79490F9}.Debug|iPhone.Build.0 = Debug|Any CPU
		{F3424DE9-2D75-4041-ACCF-CFC1D79490F9}.Debug|iPhoneSimulator.ActiveCfg = Debug|Any CPU
		{F3424DE9-2D75-4041-ACCF-CFC1D79490F9}.Debug|iPhoneSimulator.Build.0 = Debug|Any CPU
		{F3424DE9-2D75-4041-ACCF-CFC1D79490F9}.Debug|x64.ActiveCfg = Debug|Any CPU
		{F3424DE9-2D75-4041-ACCF-CFC1D79490F9}.Debug|x64.Build.0 = Debug|Any CPU
		{F3424DE9-2D75-4041-ACCF-CFC1D79490F9}.Debug|x86.ActiveCfg = Debug|Any CPU
		{F3424DE9-2D75-4041-ACCF-CFC1D79490F9}.Debug|x86.Build.0 = Debug|Any CPU
		{F3424DE9-2D75-4041-ACCF-CFC1D79490F9}.Release|Any CPU.ActiveCfg = Release|Any CPU
		{F3424DE9-2D75-4041-ACCF-CFC1D79490F9}.Release|Any CPU.Build.0 = Release|Any CPU
		{F3424DE9-2D75-4041-ACCF-CFC1D79490F9}.Release|ARM.ActiveCfg = Release|Any CPU
		{F3424DE9-2D75-4041-ACCF-CFC1D79490F9}.Release|ARM.Build.0 = Release|Any CPU
		{F3424DE9-2D75-4041-ACCF-CFC1D79490F9}.Release|iPhone.ActiveCfg = Release|Any CPU
		{F3424DE9-2D75-4041-ACCF-CFC1D79490F9}.Release|iPhone.Build.0 = Release|Any CPU
		{F3424DE9-2D75-4041-ACCF-CFC1D79490F9}.Release|iPhoneSimulator.ActiveCfg = Release|Any CPU
		{F3424DE9-2D75-4041-ACCF-CFC1D79490F9}.Release|iPhoneSimulator.Build.0 = Release|Any CPU
		{F3424DE9-2D75-4041-ACCF-CFC1D79490F9}.Release|x64.ActiveCfg = Release|Any CPU
		{F3424DE9-2D75-4041-ACCF-CFC1D79490F9}.Release|x64.Build.0 = Release|Any CPU
		{F3424DE9-2D75-4041-ACCF-CFC1D79490F9}.Release|x86.ActiveCfg = Release|Any CPU
		{F3424DE9-2D75-4041-ACCF-CFC1D79490F9}.Release|x86.Build.0 = Release|Any CPU
		{A9E1FE19-5414-42F4-813D-76213DA42693}.Ad-Hoc|Any CPU.ActiveCfg = Release|Any CPU
		{A9E1FE19-5414-42F4-813D-76213DA42693}.Ad-Hoc|Any CPU.Build.0 = Release|Any CPU
		{A9E1FE19-5414-42F4-813D-76213DA42693}.Ad-Hoc|Any CPU.Deploy.0 = Release|Any CPU
		{A9E1FE19-5414-42F4-813D-76213DA42693}.Ad-Hoc|ARM.ActiveCfg = Release|Any CPU
		{A9E1FE19-5414-42F4-813D-76213DA42693}.Ad-Hoc|ARM.Build.0 = Release|Any CPU
		{A9E1FE19-5414-42F4-813D-76213DA42693}.Ad-Hoc|ARM.Deploy.0 = Release|Any CPU
		{A9E1FE19-5414-42F4-813D-76213DA42693}.Ad-Hoc|iPhone.ActiveCfg = Release|Any CPU
		{A9E1FE19-5414-42F4-813D-76213DA42693}.Ad-Hoc|iPhone.Build.0 = Release|Any CPU
		{A9E1FE19-5414-42F4-813D-76213DA42693}.Ad-Hoc|iPhone.Deploy.0 = Release|Any CPU
		{A9E1FE19-5414-42F4-813D-76213DA42693}.Ad-Hoc|iPhoneSimulator.ActiveCfg = Release|Any CPU
		{A9E1FE19-5414-42F4-813D-76213DA42693}.Ad-Hoc|iPhoneSimulator.Build.0 = Release|Any CPU
		{A9E1FE19-5414-42F4-813D-76213DA42693}.Ad-Hoc|iPhoneSimulator.Deploy.0 = Release|Any CPU
		{A9E1FE19-5414-42F4-813D-76213DA42693}.Ad-Hoc|x64.ActiveCfg = Release|Any CPU
		{A9E1FE19-5414-42F4-813D-76213DA42693}.Ad-Hoc|x64.Build.0 = Release|Any CPU
		{A9E1FE19-5414-42F4-813D-76213DA42693}.Ad-Hoc|x64.Deploy.0 = Release|Any CPU
		{A9E1FE19-5414-42F4-813D-76213DA42693}.Ad-Hoc|x86.ActiveCfg = Release|Any CPU
		{A9E1FE19-5414-42F4-813D-76213DA42693}.Ad-Hoc|x86.Build.0 = Release|Any CPU
		{A9E1FE19-5414-42F4-813D-76213DA42693}.Ad-Hoc|x86.Deploy.0 = Release|Any CPU
		{A9E1FE19-5414-42F4-813D-76213DA42693}.AppStore|Any CPU.ActiveCfg = Release|Any CPU
		{A9E1FE19-5414-42F4-813D-76213DA42693}.AppStore|Any CPU.Build.0 = Release|Any CPU
		{A9E1FE19-5414-42F4-813D-76213DA42693}.AppStore|Any CPU.Deploy.0 = Release|Any CPU
		{A9E1FE19-5414-42F4-813D-76213DA42693}.AppStore|ARM.ActiveCfg = Release|Any CPU
		{A9E1FE19-5414-42F4-813D-76213DA42693}.AppStore|ARM.Build.0 = Release|Any CPU
		{A9E1FE19-5414-42F4-813D-76213DA42693}.AppStore|ARM.Deploy.0 = Release|Any CPU
		{A9E1FE19-5414-42F4-813D-76213DA42693}.AppStore|iPhone.ActiveCfg = Release|Any CPU
		{A9E1FE19-5414-42F4-813D-76213DA42693}.AppStore|iPhone.Build.0 = Release|Any CPU
		{A9E1FE19-5414-42F4-813D-76213DA42693}.AppStore|iPhone.Deploy.0 = Release|Any CPU
		{A9E1FE19-5414-42F4-813D-76213DA42693}.AppStore|iPhoneSimulator.ActiveCfg = Release|Any CPU
		{A9E1FE19-5414-42F4-813D-76213DA42693}.AppStore|iPhoneSimulator.Build.0 = Release|Any CPU
		{A9E1FE19-5414-42F4-813D-76213DA42693}.AppStore|iPhoneSimulator.Deploy.0 = Release|Any CPU
		{A9E1FE19-5414-42F4-813D-76213DA42693}.AppStore|x64.ActiveCfg = Release|Any CPU
		{A9E1FE19-5414-42F4-813D-76213DA42693}.AppStore|x64.Build.0 = Release|Any CPU
		{A9E1FE19-5414-42F4-813D-76213DA42693}.AppStore|x64.Deploy.0 = Release|Any CPU
		{A9E1FE19-5414-42F4-813D-76213DA42693}.AppStore|x86.ActiveCfg = Release|Any CPU
		{A9E1FE19-5414-42F4-813D-76213DA42693}.AppStore|x86.Build.0 = Release|Any CPU
		{A9E1FE19-5414-42F4-813D-76213DA42693}.AppStore|x86.Deploy.0 = Release|Any CPU
		{A9E1FE19-5414-42F4-813D-76213DA42693}.Debug|Any CPU.ActiveCfg = Debug|Any CPU
		{A9E1FE19-5414-42F4-813D-76213DA42693}.Debug|Any CPU.Build.0 = Debug|Any CPU
		{A9E1FE19-5414-42F4-813D-76213DA42693}.Debug|Any CPU.Deploy.0 = Debug|Any CPU
		{A9E1FE19-5414-42F4-813D-76213DA42693}.Debug|ARM.ActiveCfg = Debug|Any CPU
		{A9E1FE19-5414-42F4-813D-76213DA42693}.Debug|ARM.Build.0 = Debug|Any CPU
		{A9E1FE19-5414-42F4-813D-76213DA42693}.Debug|ARM.Deploy.0 = Debug|Any CPU
		{A9E1FE19-5414-42F4-813D-76213DA42693}.Debug|iPhone.ActiveCfg = Debug|Any CPU
		{A9E1FE19-5414-42F4-813D-76213DA42693}.Debug|iPhone.Build.0 = Debug|Any CPU
		{A9E1FE19-5414-42F4-813D-76213DA42693}.Debug|iPhone.Deploy.0 = Debug|Any CPU
		{A9E1FE19-5414-42F4-813D-76213DA42693}.Debug|iPhoneSimulator.ActiveCfg = Debug|Any CPU
		{A9E1FE19-5414-42F4-813D-76213DA42693}.Debug|iPhoneSimulator.Build.0 = Debug|Any CPU
		{A9E1FE19-5414-42F4-813D-76213DA42693}.Debug|iPhoneSimulator.Deploy.0 = Debug|Any CPU
		{A9E1FE19-5414-42F4-813D-76213DA42693}.Debug|x64.ActiveCfg = Debug|Any CPU
		{A9E1FE19-5414-42F4-813D-76213DA42693}.Debug|x64.Build.0 = Debug|Any CPU
		{A9E1FE19-5414-42F4-813D-76213DA42693}.Debug|x64.Deploy.0 = Debug|Any CPU
		{A9E1FE19-5414-42F4-813D-76213DA42693}.Debug|x86.ActiveCfg = Debug|Any CPU
		{A9E1FE19-5414-42F4-813D-76213DA42693}.Debug|x86.Build.0 = Debug|Any CPU
		{A9E1FE19-5414-42F4-813D-76213DA42693}.Debug|x86.Deploy.0 = Debug|Any CPU
		{A9E1FE19-5414-42F4-813D-76213DA42693}.Release|Any CPU.ActiveCfg = Release|Any CPU
		{A9E1FE19-5414-42F4-813D-76213DA42693}.Release|Any CPU.Build.0 = Release|Any CPU
		{A9E1FE19-5414-42F4-813D-76213DA42693}.Release|Any CPU.Deploy.0 = Release|Any CPU
		{A9E1FE19-5414-42F4-813D-76213DA42693}.Release|ARM.ActiveCfg = Release|Any CPU
		{A9E1FE19-5414-42F4-813D-76213DA42693}.Release|ARM.Build.0 = Release|Any CPU
		{A9E1FE19-5414-42F4-813D-76213DA42693}.Release|ARM.Deploy.0 = Release|Any CPU
		{A9E1FE19-5414-42F4-813D-76213DA42693}.Release|iPhone.ActiveCfg = Release|Any CPU
		{A9E1FE19-5414-42F4-813D-76213DA42693}.Release|iPhone.Build.0 = Release|Any CPU
		{A9E1FE19-5414-42F4-813D-76213DA42693}.Release|iPhone.Deploy.0 = Release|Any CPU
		{A9E1FE19-5414-42F4-813D-76213DA42693}.Release|iPhoneSimulator.ActiveCfg = Release|Any CPU
		{A9E1FE19-5414-42F4-813D-76213DA42693}.Release|iPhoneSimulator.Build.0 = Release|Any CPU
		{A9E1FE19-5414-42F4-813D-76213DA42693}.Release|iPhoneSimulator.Deploy.0 = Release|Any CPU
		{A9E1FE19-5414-42F4-813D-76213DA42693}.Release|x64.ActiveCfg = Release|Any CPU
		{A9E1FE19-5414-42F4-813D-76213DA42693}.Release|x64.Build.0 = Release|Any CPU
		{A9E1FE19-5414-42F4-813D-76213DA42693}.Release|x64.Deploy.0 = Release|Any CPU
		{A9E1FE19-5414-42F4-813D-76213DA42693}.Release|x86.ActiveCfg = Release|Any CPU
		{A9E1FE19-5414-42F4-813D-76213DA42693}.Release|x86.Build.0 = Release|Any CPU
		{A9E1FE19-5414-42F4-813D-76213DA42693}.Release|x86.Deploy.0 = Release|Any CPU
		{88FDA450-4897-4C48-9765-464A0022DD90}.Ad-Hoc|Any CPU.ActiveCfg = Ad-Hoc|iPhone
		{88FDA450-4897-4C48-9765-464A0022DD90}.Ad-Hoc|ARM.ActiveCfg = Ad-Hoc|iPhone
		{88FDA450-4897-4C48-9765-464A0022DD90}.Ad-Hoc|iPhone.ActiveCfg = Ad-Hoc|iPhone
		{88FDA450-4897-4C48-9765-464A0022DD90}.Ad-Hoc|iPhone.Build.0 = Ad-Hoc|iPhone
		{88FDA450-4897-4C48-9765-464A0022DD90}.Ad-Hoc|iPhoneSimulator.ActiveCfg = Ad-Hoc|iPhoneSimulator
		{88FDA450-4897-4C48-9765-464A0022DD90}.Ad-Hoc|iPhoneSimulator.Build.0 = Ad-Hoc|iPhoneSimulator
		{88FDA450-4897-4C48-9765-464A0022DD90}.Ad-Hoc|x64.ActiveCfg = Ad-Hoc|iPhone
		{88FDA450-4897-4C48-9765-464A0022DD90}.Ad-Hoc|x86.ActiveCfg = Ad-Hoc|iPhone
		{88FDA450-4897-4C48-9765-464A0022DD90}.AppStore|Any CPU.ActiveCfg = AppStore|iPhone
		{88FDA450-4897-4C48-9765-464A0022DD90}.AppStore|ARM.ActiveCfg = AppStore|iPhone
		{88FDA450-4897-4C48-9765-464A0022DD90}.AppStore|iPhone.ActiveCfg = AppStore|iPhone
		{88FDA450-4897-4C48-9765-464A0022DD90}.AppStore|iPhone.Build.0 = AppStore|iPhone
		{88FDA450-4897-4C48-9765-464A0022DD90}.AppStore|iPhoneSimulator.ActiveCfg = AppStore|iPhoneSimulator
		{88FDA450-4897-4C48-9765-464A0022DD90}.AppStore|iPhoneSimulator.Build.0 = AppStore|iPhoneSimulator
		{88FDA450-4897-4C48-9765-464A0022DD90}.AppStore|x64.ActiveCfg = AppStore|iPhone
		{88FDA450-4897-4C48-9765-464A0022DD90}.AppStore|x86.ActiveCfg = AppStore|iPhone
		{88FDA450-4897-4C48-9765-464A0022DD90}.Debug|Any CPU.ActiveCfg = Debug|iPhone
		{88FDA450-4897-4C48-9765-464A0022DD90}.Debug|ARM.ActiveCfg = Debug|iPhone
		{88FDA450-4897-4C48-9765-464A0022DD90}.Debug|iPhone.ActiveCfg = Debug|iPhone
		{88FDA450-4897-4C48-9765-464A0022DD90}.Debug|iPhone.Build.0 = Debug|iPhone
		{88FDA450-4897-4C48-9765-464A0022DD90}.Debug|iPhoneSimulator.ActiveCfg = Debug|iPhoneSimulator
		{88FDA450-4897-4C48-9765-464A0022DD90}.Debug|iPhoneSimulator.Build.0 = Debug|iPhoneSimulator
		{88FDA450-4897-4C48-9765-464A0022DD90}.Debug|x64.ActiveCfg = Debug|iPhone
		{88FDA450-4897-4C48-9765-464A0022DD90}.Debug|x86.ActiveCfg = Debug|iPhone
		{88FDA450-4897-4C48-9765-464A0022DD90}.Release|Any CPU.ActiveCfg = Release|iPhone
		{88FDA450-4897-4C48-9765-464A0022DD90}.Release|ARM.ActiveCfg = Release|iPhone
		{88FDA450-4897-4C48-9765-464A0022DD90}.Release|iPhone.ActiveCfg = Release|iPhone
		{88FDA450-4897-4C48-9765-464A0022DD90}.Release|iPhone.Build.0 = Release|iPhone
		{88FDA450-4897-4C48-9765-464A0022DD90}.Release|iPhoneSimulator.ActiveCfg = Release|iPhoneSimulator
		{88FDA450-4897-4C48-9765-464A0022DD90}.Release|iPhoneSimulator.Build.0 = Release|iPhoneSimulator
		{88FDA450-4897-4C48-9765-464A0022DD90}.Release|x64.ActiveCfg = Release|iPhone
		{88FDA450-4897-4C48-9765-464A0022DD90}.Release|x86.ActiveCfg = Release|iPhone
		{CE8DF0A3-85BB-4F46-82AE-16F115A54F78}.Ad-Hoc|Any CPU.ActiveCfg = Release|x86
		{CE8DF0A3-85BB-4F46-82AE-16F115A54F78}.Ad-Hoc|Any CPU.Build.0 = Release|x86
		{CE8DF0A3-85BB-4F46-82AE-16F115A54F78}.Ad-Hoc|Any CPU.Deploy.0 = Release|x86
		{CE8DF0A3-85BB-4F46-82AE-16F115A54F78}.Ad-Hoc|ARM.ActiveCfg = Release|ARM
		{CE8DF0A3-85BB-4F46-82AE-16F115A54F78}.Ad-Hoc|ARM.Build.0 = Release|ARM
		{CE8DF0A3-85BB-4F46-82AE-16F115A54F78}.Ad-Hoc|ARM.Deploy.0 = Release|ARM
		{CE8DF0A3-85BB-4F46-82AE-16F115A54F78}.Ad-Hoc|iPhone.ActiveCfg = Release|x86
		{CE8DF0A3-85BB-4F46-82AE-16F115A54F78}.Ad-Hoc|iPhone.Build.0 = Release|x86
		{CE8DF0A3-85BB-4F46-82AE-16F115A54F78}.Ad-Hoc|iPhone.Deploy.0 = Release|x86
		{CE8DF0A3-85BB-4F46-82AE-16F115A54F78}.Ad-Hoc|iPhoneSimulator.ActiveCfg = Release|x86
		{CE8DF0A3-85BB-4F46-82AE-16F115A54F78}.Ad-Hoc|iPhoneSimulator.Build.0 = Release|x86
		{CE8DF0A3-85BB-4F46-82AE-16F115A54F78}.Ad-Hoc|iPhoneSimulator.Deploy.0 = Release|x86
		{CE8DF0A3-85BB-4F46-82AE-16F115A54F78}.Ad-Hoc|x64.ActiveCfg = Release|x64
		{CE8DF0A3-85BB-4F46-82AE-16F115A54F78}.Ad-Hoc|x64.Build.0 = Release|x64
		{CE8DF0A3-85BB-4F46-82AE-16F115A54F78}.Ad-Hoc|x64.Deploy.0 = Release|x64
		{CE8DF0A3-85BB-4F46-82AE-16F115A54F78}.Ad-Hoc|x86.ActiveCfg = Release|x86
		{CE8DF0A3-85BB-4F46-82AE-16F115A54F78}.Ad-Hoc|x86.Build.0 = Release|x86
		{CE8DF0A3-85BB-4F46-82AE-16F115A54F78}.Ad-Hoc|x86.Deploy.0 = Release|x86
		{CE8DF0A3-85BB-4F46-82AE-16F115A54F78}.AppStore|Any CPU.ActiveCfg = Release|x86
		{CE8DF0A3-85BB-4F46-82AE-16F115A54F78}.AppStore|Any CPU.Build.0 = Release|x86
		{CE8DF0A3-85BB-4F46-82AE-16F115A54F78}.AppStore|Any CPU.Deploy.0 = Release|x86
		{CE8DF0A3-85BB-4F46-82AE-16F115A54F78}.AppStore|ARM.ActiveCfg = Release|ARM
		{CE8DF0A3-85BB-4F46-82AE-16F115A54F78}.AppStore|ARM.Build.0 = Release|ARM
		{CE8DF0A3-85BB-4F46-82AE-16F115A54F78}.AppStore|ARM.Deploy.0 = Release|ARM
		{CE8DF0A3-85BB-4F46-82AE-16F115A54F78}.AppStore|iPhone.ActiveCfg = Release|x86
		{CE8DF0A3-85BB-4F46-82AE-16F115A54F78}.AppStore|iPhone.Build.0 = Release|x86
		{CE8DF0A3-85BB-4F46-82AE-16F115A54F78}.AppStore|iPhone.Deploy.0 = Release|x86
		{CE8DF0A3-85BB-4F46-82AE-16F115A54F78}.AppStore|iPhoneSimulator.ActiveCfg = Release|x86
		{CE8DF0A3-85BB-4F46-82AE-16F115A54F78}.AppStore|iPhoneSimulator.Build.0 = Release|x86
		{CE8DF0A3-85BB-4F46-82AE-16F115A54F78}.AppStore|iPhoneSimulator.Deploy.0 = Release|x86
		{CE8DF0A3-85BB-4F46-82AE-16F115A54F78}.AppStore|x64.ActiveCfg = Release|x64
		{CE8DF0A3-85BB-4F46-82AE-16F115A54F78}.AppStore|x64.Build.0 = Release|x64
		{CE8DF0A3-85BB-4F46-82AE-16F115A54F78}.AppStore|x64.Deploy.0 = Release|x64
		{CE8DF0A3-85BB-4F46-82AE-16F115A54F78}.AppStore|x86.ActiveCfg = Release|x86
		{CE8DF0A3-85BB-4F46-82AE-16F115A54F78}.AppStore|x86.Build.0 = Release|x86
		{CE8DF0A3-85BB-4F46-82AE-16F115A54F78}.AppStore|x86.Deploy.0 = Release|x86
		{CE8DF0A3-85BB-4F46-82AE-16F115A54F78}.Debug|Any CPU.ActiveCfg = Debug|x86
		{CE8DF0A3-85BB-4F46-82AE-16F115A54F78}.Debug|ARM.ActiveCfg = Debug|ARM
		{CE8DF0A3-85BB-4F46-82AE-16F115A54F78}.Debug|ARM.Build.0 = Debug|ARM
		{CE8DF0A3-85BB-4F46-82AE-16F115A54F78}.Debug|ARM.Deploy.0 = Debug|ARM
		{CE8DF0A3-85BB-4F46-82AE-16F115A54F78}.Debug|iPhone.ActiveCfg = Debug|x86
		{CE8DF0A3-85BB-4F46-82AE-16F115A54F78}.Debug|iPhoneSimulator.ActiveCfg = Debug|x86
		{CE8DF0A3-85BB-4F46-82AE-16F115A54F78}.Debug|x64.ActiveCfg = Debug|x64
		{CE8DF0A3-85BB-4F46-82AE-16F115A54F78}.Debug|x64.Build.0 = Debug|x64
		{CE8DF0A3-85BB-4F46-82AE-16F115A54F78}.Debug|x64.Deploy.0 = Debug|x64
		{CE8DF0A3-85BB-4F46-82AE-16F115A54F78}.Debug|x86.ActiveCfg = Debug|x86
		{CE8DF0A3-85BB-4F46-82AE-16F115A54F78}.Debug|x86.Build.0 = Debug|x86
		{CE8DF0A3-85BB-4F46-82AE-16F115A54F78}.Debug|x86.Deploy.0 = Debug|x86
		{CE8DF0A3-85BB-4F46-82AE-16F115A54F78}.Release|Any CPU.ActiveCfg = Release|x86
		{CE8DF0A3-85BB-4F46-82AE-16F115A54F78}.Release|ARM.ActiveCfg = Release|ARM
		{CE8DF0A3-85BB-4F46-82AE-16F115A54F78}.Release|ARM.Build.0 = Release|ARM
		{CE8DF0A3-85BB-4F46-82AE-16F115A54F78}.Release|ARM.Deploy.0 = Release|ARM
		{CE8DF0A3-85BB-4F46-82AE-16F115A54F78}.Release|iPhone.ActiveCfg = Release|x86
		{CE8DF0A3-85BB-4F46-82AE-16F115A54F78}.Release|iPhoneSimulator.ActiveCfg = Release|x86
		{CE8DF0A3-85BB-4F46-82AE-16F115A54F78}.Release|x64.ActiveCfg = Release|x64
		{CE8DF0A3-85BB-4F46-82AE-16F115A54F78}.Release|x64.Build.0 = Release|x64
		{CE8DF0A3-85BB-4F46-82AE-16F115A54F78}.Release|x64.Deploy.0 = Release|x64
		{CE8DF0A3-85BB-4F46-82AE-16F115A54F78}.Release|x86.ActiveCfg = Release|x86
		{CE8DF0A3-85BB-4F46-82AE-16F115A54F78}.Release|x86.Build.0 = Release|x86
		{CE8DF0A3-85BB-4F46-82AE-16F115A54F78}.Release|x86.Deploy.0 = Release|x86
		{FAE0E882-1629-4B24-90AC-EEEDE6888736}.Ad-Hoc|Any CPU.ActiveCfg = Release|Any CPU
		{FAE0E882-1629-4B24-90AC-EEEDE6888736}.Ad-Hoc|Any CPU.Build.0 = Release|Any CPU
		{FAE0E882-1629-4B24-90AC-EEEDE6888736}.Ad-Hoc|ARM.ActiveCfg = Release|Any CPU
		{FAE0E882-1629-4B24-90AC-EEEDE6888736}.Ad-Hoc|ARM.Build.0 = Release|Any CPU
		{FAE0E882-1629-4B24-90AC-EEEDE6888736}.Ad-Hoc|iPhone.ActiveCfg = Release|Any CPU
		{FAE0E882-1629-4B24-90AC-EEEDE6888736}.Ad-Hoc|iPhone.Build.0 = Release|Any CPU
		{FAE0E882-1629-4B24-90AC-EEEDE6888736}.Ad-Hoc|iPhoneSimulator.ActiveCfg = Release|Any CPU
		{FAE0E882-1629-4B24-90AC-EEEDE6888736}.Ad-Hoc|iPhoneSimulator.Build.0 = Release|Any CPU
		{FAE0E882-1629-4B24-90AC-EEEDE6888736}.Ad-Hoc|x64.ActiveCfg = Release|Any CPU
		{FAE0E882-1629-4B24-90AC-EEEDE6888736}.Ad-Hoc|x64.Build.0 = Release|Any CPU
		{FAE0E882-1629-4B24-90AC-EEEDE6888736}.Ad-Hoc|x86.ActiveCfg = Release|Any CPU
		{FAE0E882-1629-4B24-90AC-EEEDE6888736}.Ad-Hoc|x86.Build.0 = Release|Any CPU
		{FAE0E882-1629-4B24-90AC-EEEDE6888736}.AppStore|Any CPU.ActiveCfg = Release|Any CPU
		{FAE0E882-1629-4B24-90AC-EEEDE6888736}.AppStore|Any CPU.Build.0 = Release|Any CPU
		{FAE0E882-1629-4B24-90AC-EEEDE6888736}.AppStore|ARM.ActiveCfg = Release|Any CPU
		{FAE0E882-1629-4B24-90AC-EEEDE6888736}.AppStore|ARM.Build.0 = Release|Any CPU
		{FAE0E882-1629-4B24-90AC-EEEDE6888736}.AppStore|iPhone.ActiveCfg = Release|Any CPU
		{FAE0E882-1629-4B24-90AC-EEEDE6888736}.AppStore|iPhone.Build.0 = Release|Any CPU
		{FAE0E882-1629-4B24-90AC-EEEDE6888736}.AppStore|iPhoneSimulator.ActiveCfg = Release|Any CPU
		{FAE0E882-1629-4B24-90AC-EEEDE6888736}.AppStore|iPhoneSimulator.Build.0 = Release|Any CPU
		{FAE0E882-1629-4B24-90AC-EEEDE6888736}.AppStore|x64.ActiveCfg = Release|Any CPU
		{FAE0E882-1629-4B24-90AC-EEEDE6888736}.AppStore|x64.Build.0 = Release|Any CPU
		{FAE0E882-1629-4B24-90AC-EEEDE6888736}.AppStore|x86.ActiveCfg = Release|Any CPU
		{FAE0E882-1629-4B24-90AC-EEEDE6888736}.AppStore|x86.Build.0 = Release|Any CPU
		{FAE0E882-1629-4B24-90AC-EEEDE6888736}.Debug|Any CPU.ActiveCfg = Debug|Any CPU
		{FAE0E882-1629-4B24-90AC-EEEDE6888736}.Debug|Any CPU.Build.0 = Debug|Any CPU
		{FAE0E882-1629-4B24-90AC-EEEDE6888736}.Debug|ARM.ActiveCfg = Debug|Any CPU
		{FAE0E882-1629-4B24-90AC-EEEDE6888736}.Debug|ARM.Build.0 = Debug|Any CPU
		{FAE0E882-1629-4B24-90AC-EEEDE6888736}.Debug|iPhone.ActiveCfg = Debug|Any CPU
		{FAE0E882-1629-4B24-90AC-EEEDE6888736}.Debug|iPhone.Build.0 = Debug|Any CPU
		{FAE0E882-1629-4B24-90AC-EEEDE6888736}.Debug|iPhoneSimulator.ActiveCfg = Debug|Any CPU
		{FAE0E882-1629-4B24-90AC-EEEDE6888736}.Debug|iPhoneSimulator.Build.0 = Debug|Any CPU
		{FAE0E882-1629-4B24-90AC-EEEDE6888736}.Debug|x64.ActiveCfg = Debug|Any CPU
		{FAE0E882-1629-4B24-90AC-EEEDE6888736}.Debug|x64.Build.0 = Debug|Any CPU
		{FAE0E882-1629-4B24-90AC-EEEDE6888736}.Debug|x86.ActiveCfg = Debug|Any CPU
		{FAE0E882-1629-4B24-90AC-EEEDE6888736}.Debug|x86.Build.0 = Debug|Any CPU
		{FAE0E882-1629-4B24-90AC-EEEDE6888736}.Release|Any CPU.ActiveCfg = Release|Any CPU
		{FAE0E882-1629-4B24-90AC-EEEDE6888736}.Release|Any CPU.Build.0 = Release|Any CPU
		{FAE0E882-1629-4B24-90AC-EEEDE6888736}.Release|ARM.ActiveCfg = Release|Any CPU
		{FAE0E882-1629-4B24-90AC-EEEDE6888736}.Release|ARM.Build.0 = Release|Any CPU
		{FAE0E882-1629-4B24-90AC-EEEDE6888736}.Release|iPhone.ActiveCfg = Release|Any CPU
		{FAE0E882-1629-4B24-90AC-EEEDE6888736}.Release|iPhone.Build.0 = Release|Any CPU
		{FAE0E882-1629-4B24-90AC-EEEDE6888736}.Release|iPhoneSimulator.ActiveCfg = Release|Any CPU
		{FAE0E882-1629-4B24-90AC-EEEDE6888736}.Release|iPhoneSimulator.Build.0 = Release|Any CPU
		{FAE0E882-1629-4B24-90AC-EEEDE6888736}.Release|x64.ActiveCfg = Release|Any CPU
		{FAE0E882-1629-4B24-90AC-EEEDE6888736}.Release|x64.Build.0 = Release|Any CPU
		{FAE0E882-1629-4B24-90AC-EEEDE6888736}.Release|x86.ActiveCfg = Release|Any CPU
		{FAE0E882-1629-4B24-90AC-EEEDE6888736}.Release|x86.Build.0 = Release|Any CPU
	EndGlobalSection
	GlobalSection(SolutionProperties) = preSolution
		HideSolutionNode = FALSE
	EndGlobalSection
	GlobalSection(ExtensibilityGlobals) = postSolution
		SolutionGuid = {949154EB-E4FF-4CD6-BBEB-E98C38A9751A}
	EndGlobalSection
EndGlobal
